
Microsoft Visual Studio Solution File, Format Version 12.00
# Visual Studio 15
VisualStudioVersion = 15.0.28307.645
MinimumVisualStudioVersion = 10.0.40219.1
Project("{FAE04EC0-301F-11D3-BF4B-00C04F79EFBC}") = "Tutorial", "Tutorial\Tutorial.csproj", "{24881956-4422-4F91-87A4-2B891CEEBACC}"
EndProject
Global
	GlobalSection(SolutionConfigurationPlatforms) = preSolution
		Debug|Any CPU = Debug|Any CPU
		Release|Any CPU = Release|Any CPU
	EndGlobalSection
	GlobalSection(ProjectConfigurationPlatforms) = postSolution
		{24881956-4422-4F91-87A4-2B891CEEBACC}.Debug|Any CPU.ActiveCfg = Debug|Any CPU
		{24881956-4422-4F91-87A4-2B891CEEBACC}.Debug|Any CPU.Build.0 = Debug|Any CPU
		{24881956-4422-4F91-87A4-2B891CEEBACC}.Release|Any CPU.ActiveCfg = Release|Any CPU
		{24881956-4422-4F91-87A4-2B891CEEBACC}.Release|Any CPU.Build.0 = Release|Any CPU
	EndGlobalSection
	GlobalSection(SolutionProperties) = preSolution
		HideSolutionNode = FALSE
	EndGlobalSection
	GlobalSection(ExtensibilityGlobals) = postSolution
		SolutionGuid = {5AC06363-6C42-4F52-9649-B66C9CFDF0A9}
	EndGlobalSection
EndGlobal
